{
  "name": "try-date-io",
  "version": "1.0.0",
  "lockfileVersion": 3,
  "requires": true,
  "packages": {
    "": {
      "name": "try-date-io",
      "version": "1.0.0",
      "license": "ISC",
      "dependencies": {
        "@date-io/date-fns": "^2.16.0",
        "@date-io/luxon": "^2.16.1",
        "@date-io/moment": "^2.16.1",
        "date-fns": "^2.30.0",
        "luxon": "^3.3.0",
        "moment": "^2.29.4"
      }
    },
    "node_modules/@babel/runtime": {
      "version": "7.22.5",
      "resolved": "https://registry.npmjs.org/@babel/runtime/-/runtime-7.22.5.tgz",
      "integrity": "sha512-ecjvYlnAaZ/KVneE/OdKYBYfgXV3Ptu6zQWmgEF7vwKhQnvVS6bjMD2XYgj+SNvQ1GfK/pjgokfPkC/2CO8CuA==",
      "dependencies": {
        "regenerator-runtime": "^0.13.11"
      },
      "engines": {
        "node": ">=6.9.0"
      }
    },
    "node_modules/@date-io/core": {
      "version": "2.16.0",
      "resolved": "https://registry.npmjs.org/@date-io/core/-/core-2.16.0.tgz",
      "integrity": "sha512-DYmSzkr+jToahwWrsiRA2/pzMEtz9Bq1euJwoOuYwuwIYXnZFtHajY2E6a1VNVDc9jP8YUXK1BvnZH9mmT19Zg=="
    },
    "node_modules/@date-io/date-fns": {
      "version": "2.16.0",
      "resolved": "https://registry.npmjs.org/@date-io/date-fns/-/date-fns-2.16.0.tgz",
      "integrity": "sha512-bfm5FJjucqlrnQcXDVU5RD+nlGmL3iWgkHTq3uAZWVIuBu6dDmGa3m8a6zo2VQQpu8ambq9H22UyUpn7590joA==",
      "dependencies": {
        "@date-io/core": "^2.16.0"
      },
      "peerDependencies": {
        "date-fns": "^2.0.0"
      },
      "peerDependenciesMeta": {
        "date-fns": {
          "optional": true
        }
      }
    },
    "node_modules/@date-io/luxon": {
      "version": "2.16.1",
      "resolved": "https://registry.npmjs.org/@date-io/luxon/-/luxon-2.16.1.tgz",
      "integrity": "sha512-aeYp5K9PSHV28946pC+9UKUi/xMMYoaGelrpDibZSgHu2VWHXrr7zWLEr+pMPThSs5vt8Ei365PO+84pCm37WQ==",
      "dependencies": {
        "@date-io/core": "^2.16.0"
      },
      "peerDependencies": {
        "luxon": "^1.21.3 || ^2.x || ^3.x"
      },
      "peerDependenciesMeta": {
        "luxon": {
          "optional": true
        }
      }
    },
    "node_modules/@date-io/moment": {
      "version": "2.16.1",
      "resolved": "https://registry.npmjs.org/@date-io/moment/-/moment-2.16.1.tgz",
      "integrity": "sha512-JkxldQxUqZBfZtsaCcCMkm/dmytdyq5pS1RxshCQ4fHhsvP5A7gSqPD22QbVXMcJydi3d3v1Y8BQdUKEuGACZQ==",
      "dependencies": {
        "@date-io/core": "^2.16.0"
      },
      "peerDependencies": {
        "moment": "^2.24.0"
      },
      "peerDependenciesMeta": {
        "moment": {
          "optional": true
        }
      }
    },
    "node_modules/date-fns": {
      "version": "2.30.0",
      "resolved": "https://registry.npmjs.org/date-fns/-/date-fns-2.30.0.tgz",
      "integrity": "sha512-fnULvOpxnC5/Vg3NCiWelDsLiUc9bRwAPs/+LfTLNvetFCtCTN+yQz15C/fs4AwX1R9K5GLtLfn8QW+dWisaAw==",
      "dependencies": {
        "@babel/runtime": "^7.21.0"
      },
      "engines": {
        "node": ">=0.11"
      },
      "funding": {
        "type": "opencollective",
        "url": "https://opencollective.com/date-fns"
      }
    },
    "node_modules/luxon": {
      "version": "3.3.0",
      "resolved": "https://registry.npmjs.org/luxon/-/luxon-3.3.0.tgz",
      "integrity": "sha512-An0UCfG/rSiqtAIiBPO0Y9/zAnHUZxAMiCpTd5h2smgsj7GGmcenvrvww2cqNA8/4A5ZrD1gJpHN2mIHZQF+Mg==",
      "engines": {
        "node": ">=12"
      }
    },
    "node_modules/moment": {
      "version": "2.29.4",
      "resolved": "https://registry.npmjs.org/moment/-/moment-2.29.4.tgz",
      "integrity": "sha512-5LC9SOxjSc2HF6vO2CyuTDNivEdoz2IvyJJGj6X8DJ0eFyfszE0QiEd+iXmBvUP3WHxSjFH/vIsA0EN00cgr8w==",
      "engines": {
        "node": "*"
      }
    },
    "node_modules/regenerator-runtime": {
      "version": "0.13.11",
      "resolved": "https://registry.npmjs.org/regenerator-runtime/-/regenerator-runtime-0.13.11.tgz",
      "integrity": "sha512-kY1AZVr2Ra+t+piVaJ4gxaFaReZVH40AKNo7UCX6W+dEwBo/2oZJzqfuN1qLq1oL45o56cPaTXELwrTh8Fpggg=="
    }
  }
}
